
Microsoft Visual Studio Solution File, Format Version 12.00
# Visual Studio Version 17
VisualStudioVersion = 17.9.34607.119
MinimumVisualStudioVersion = 10.0.40219.1
Project("{FAE04EC0-301F-11D3-BF4B-00C04F79EFBC}") = "todo-api-with-cancellation-support", "todo-api-with-cancellation-support\todo-api-with-cancellation-support.csproj", "{4ABEEC58-2121-4E80-AD7B-BB77076A1873}"
EndProject
Global
	GlobalSection(SolutionConfigurationPlatforms) = preSolution
		Debug|Any CPU = Debug|Any CPU
		Release|Any CPU = Release|Any CPU
	EndGlobalSection
	GlobalSection(ProjectConfigurationPlatforms) = postSolution
		{4ABEEC58-2121-4E80-AD7B-BB77076A1873}.Debug|Any CPU.ActiveCfg = Debug|Any CPU
		{4ABEEC58-2121-4E80-AD7B-BB77076A1873}.Debug|Any CPU.Build.0 = Debug|Any CPU
		{4ABEEC58-2121-4E80-AD7B-BB77076A1873}.Release|Any CPU.ActiveCfg = Release|Any CPU
		{4ABEEC58-2121-4E80-AD7B-BB77076A1873}.Release|Any CPU.Build.0 = Release|Any CPU
	EndGlobalSection
	GlobalSection(SolutionProperties) = preSolution
		HideSolutionNode = FALSE
	EndGlobalSection
	GlobalSection(ExtensibilityGlobals) = postSolution
		SolutionGuid = {14AA0AE4-43D0-4F91-B3C9-84ADAAE71394}
	EndGlobalSection
EndGlobal
